// !$*UTF8*$!
{
	archiveVersion = 1;
	classes = {
	};
	objectVersion = 46;
	objects = {

/* Begin PBXBuildFile section */
		079CCBA61A8CEC3F0034A341 /* RFQuiltLayout.m in Sources */ = {isa = PBXBuildFile; fileRef = 079CCBA51A8CEC3F0034A341 /* RFQuiltLayout.m */; };
/* End PBXBuildFile section */

/* Begin PBXCopyFilesBuildPhase section */
		079CCB881A8CEB780034A341 /* CopyFiles */ = {
			isa = PBXCopyFilesBuildPhase;
			buildActionMask = 2147483647;
			dstPath = "include/$(PRODUCT_NAME)";
			dstSubfolderSpec = 16;
			files = (
			);
			runOnlyForDeploymentPostprocessing = 0;
		};
/* End PBXCopyFilesBuildPhase section */

/* Begin PBXFileReference section */
		079CCB8A1A8CEB780034A341 /* libRFQuiltLayoutStatic.a */ = {isa = PBXFileReference; explicitFileType = archive.ar; includeInIndex = 0; path = libRFQuiltLayoutStatic.a; sourceTree = BUILT_PRODUCTS_DIR; };
		079CCB9B1A8CEB780034A341 /* Info.plist */ = {isa = PBXFileReference; lastKnownFileType = text.plist.xml; path = Info.plist; sourceTree = "<group>"; };
		079CCBA41A8CEC3F0034A341 /* RFQuiltLayout.h */ = {isa = PBXFileReference; fileEncoding = 4; lastKnownFileType = sourcecode.c.h; name = RFQuiltLayout.h; path = ../RFQuiltLayout.h; sourceTree = "<group>"; };
		079CCBA51A8CEC3F0034A341 /* RFQuiltLayout.m */ = {isa = PBXFileReference; fileEncoding = 4; lastKnownFileType = sourcecode.c.objc; name = RFQuiltLayout.m; path = ../RFQuiltLayout.m; sourceTree = "<group>"; };
/* End PBXFileReference section */

/* Begin PBXFrameworksBuildPhase section */
		079CCB871A8CEB780034A341 /* Frameworks */ = {
			isa = PBXFrameworksBuildPhase;
			buildActionMask = 2147483647;
			files = (
			);
			runOnlyForDeploymentPostprocessing = 0;
		};
/* End PBXFrameworksBuildPhase section */

/* Begin PBXGroup section */
		079CCB811A8CEB780034A341 = {
			isa = PBXGroup;
			children = (
				079CCB8C1A8CEB780034A341 /* RFQuiltLayoutStatic */,
				079CCB991A8CEB780034A341 /* RFQuiltLayoutStaticTests */,
				079CCB8B1A8CEB780034A341 /* Products */,
			);
			sourceTree = "<group>";
		};
		079CCB8B1A8CEB780034A341 /* Products */ = {
			isa = PBXGroup;
			children = (
				079CCB8A1A8CEB780034A341 /* libRFQuiltLayoutStatic.a */,
			);
			name = Products;
			sourceTree = "<group>";
		};
		079CCB8C1A8CEB780034A341 /* RFQuiltLayoutStatic */ = {
			isa = PBXGroup;
			children = (
				079CCBA41A8CEC3F0034A341 /* RFQuiltLayout.h */,
				079CCBA51A8CEC3F0034A341 /* RFQuiltLayout.m */,
			);
			path = RFQuiltLayoutStatic;
			sourceTree = "<group>";
		};
		079CCB991A8CEB780034A341 /* RFQuiltLayoutStaticTests */ = {
			isa = PBXGroup;
			children = (
				079CCB9A1A8CEB780034A341 /* Supporting Files */,
			);
			path = RFQuiltLayoutStaticTests;
			sourceTree = "<group>";
		};
		079CCB9A1A8CEB780034A341 /* Supporting Files */ = {
			isa = PBXGroup;
			children = (
				079CCB9B1A8CEB780034A341 /* Info.plist */,
			);
			name = "Supporting Files";
			sourceTree = "<group>";
		};
/* End PBXGroup section */

/* Begin PBXNativeTarget section */
		079CCB891A8CEB780034A341 /* RFQuiltLayoutStatic */ = {
			isa = PBXNativeTarget;
			buildConfigurationList = 079CCB9E1A8CEB780034A341 /* Build configuration list for PBXNativeTarget "RFQuiltLayoutStatic" */;
			buildPhases = (
				079CCB861A8CEB780034A341 /* Sources */,
				079CCB871A8CEB780034A341 /* Frameworks */,
				079CCB881A8CEB780034A341 /* CopyFiles */,
			);
			buildRules = (
			);
			dependencies = (
			);
			name = RFQuiltLayoutStatic;
			productName = RFQuiltLayoutStatic;
			productReference = 079CCB8A1A8CEB780034A341 /* libRFQuiltLayoutStatic.a */;
			productType = "com.apple.product-type.library.static";
		};
/* End PBXNativeTarget section */

/* Begin PBXProject section */
		079CCB821A8CEB780034A341 /* Project object */ = {
			isa = PBXProject;
			attributes = {
				LastUpgradeCheck = 0610;
				ORGANIZATIONNAME = "Gatesman+Dave";
				TargetAttributes = {
					079CCB891A8CEB780034A341 = {
						CreatedOnToolsVersion = 6.1.1;
					};
				};
			};
			buildConfigurationList = 079CCB851A8CEB780034A341 /* Build configuration list for PBXProject "RFQuiltLayoutStatic" */;
			compatibilityVersion = "Xcode 3.2";
			developmentRegion = English;
			hasScannedForEncodings = 0;
			knownRegions = (
				en,
			);
			mainGroup = 079CCB811A8CEB780034A341;
			productRefGroup = 079CCB8B1A8CEB780034A341 /* Products */;
			projectDirPath = "";
			projectRoot = "";
			targets = (
				079CCB891A8CEB780034A341 /* RFQuiltLayoutStatic */,
			);
		};
/* End PBXProject section */

/* Begin PBXSourcesBuildPhase section */
		079CCB861A8CEB780034A341 /* Sources */ = {
			isa = PBXSourcesBuildPhase;
			buildActionMask = 2147483647;
			files = (
				079CCBA61A8CEC3F0034A341 /* RFQuiltLayout.m in Sources */,
			);
			runOnlyForDeploymentPostprocessing = 0;
		};
/* End PBXSourcesBuildPhase section */

/* Begin XCBuildConfiguration section */
		079CCB9C1A8CEB780034A341 /* Debug */ = {
			isa = XCBuildConfiguration;
			buildSettings = {
				ALWAYS_SEARCH_USER_PATHS = NO;
				CLANG_CXX_LANGUAGE_STANDARD = "gnu++0x";
				CLANG_CXX_LIBRARY = "libc++";
				CLANG_ENABLE_MODULES = YES;
				CLANG_ENABLE_OBJC_ARC = YES;
				CLANG_WARN_BOOL_CONVERSION = YES;
				CLANG_WARN_CONSTANT_CONVERSION = YES;
				CLANG_WARN_DIRECT_OBJC_ISA_USAGE = YES_ERROR;
				CLANG_WARN_EMPTY_BODY = YES;
				CLANG_WARN_ENUM_CONVERSION = YES;
				CLANG_WARN_INT_CONVERSION = YES;
				CLANG_WARN_OBJC_ROOT_CLASS = YES_ERROR;
				CLANG_WARN_UNREACHABLE_CODE = YES;
				CLANG_WARN__DUPLICATE_METHOD_MATCH = YES;
				COPY_PHASE_STRIP = NO;
				ENABLE_STRICT_OBJC_MSGSEND = YES;
				GCC_C_LANGUAGE_STANDARD = gnu99;
				GCC_DYNAMIC_NO_PIC = NO;
				GCC_OPTIMIZATION_LEVEL = 0;
				GCC_PREPROCESSOR_DEFINITIONS = (
					"DEBUG=1",
					"$(inherited)",
				);
				GCC_SYMBOLS_PRIVATE_EXTERN = NO;
				GCC_WARN_64_TO_32_BIT_CONVERSION = YES;
				GCC_WARN_ABOUT_RETURN_TYPE = YES_ERROR;
				GCC_WARN_UNDECLARED_SELECTOR = YES;
				GCC_WARN_UNINITIALIZED_AUTOS = YES_AGGRESSIVE;
				GCC_WARN_UNUSED_FUNCTION = YES;
				GCC_WARN_UNUSED_VARIABLE = YES;
				IPHONEOS_DEPLOYMENT_TARGET = 8.1;
				MTL_ENABLE_DEBUG_INFO = YES;
				ONLY_ACTIVE_ARCH = YES;
				SDKROOT = iphoneos;
			};
			name = Debug;
		};
		079CCB9D1A8CEB780034A341 /* Release */ = {
			isa = XCBuildConfiguration;
			buildSettings = {
				ALWAYS_SEARCH_USER_PATHS = NO;
				CLANG_CXX_LANGUAGE_STANDARD = "gnu++0x";
				CLANG_CXX_LIBRARY = "libc++";
				CLANG_ENABLE_MODULES = YES;
				CLANG_ENABLE_OBJC_ARC = YES;
				CLANG_WARN_BOOL_CONVERSION = YES;
				CLANG_WARN_CONSTANT_CONVERSION = YES;
				CLANG_WARN_DIRECT_OBJC_ISA_USAGE = YES_ERROR;
				CLANG_WARN_EMPTY_BODY = YES;
				CLANG_WARN_ENUM_CONVERSION = YES;
				CLANG_WARN_INT_CONVERSION = YES;
				CLANG_WARN_OBJC_ROOT_CLASS = YES_ERROR;
				CLANG_WARN_UNREACHABLE_CODE = YES;
				CLANG_WARN__DUPLICATE_METHOD_MATCH = YES;
				COPY_PHASE_STRIP = YES;
				ENABLE_NS_ASSERTIONS = NO;
				ENABLE_STRICT_OBJC_MSGSEND = YES;
				GCC_C_LANGUAGE_STANDARD = gnu99;
				GCC_WARN_64_TO_32_BIT_CONVERSION = YES;
				GCC_WARN_ABOUT_RETURN_TYPE = YES_ERROR;
				GCC_WARN_UNDECLARED_SELECTOR = YES;
				GCC_WARN_UNINITIALIZED_AUTOS = YES_AGGRESSIVE;
				GCC_WARN_UNUSED_FUNCTION = YES;
				GCC_WARN_UNUSED_VARIABLE = YES;
				IPHONEOS_DEPLOYMENT_TARGET = 8.1;
				MTL_ENABLE_DEBUG_INFO = NO;
				SDKROOT = iphoneos;
				VALIDATE_PRODUCT = YES;
			};
			name = Release;
		};
		079CCB9F1A8CEB780034A341 /* Debug */ = {
			isa = XCBuildConfiguration;
			buildSettings = {
				CODE_SIGN_IDENTITY = "iPhone Developer";
				OTHER_LDFLAGS = "-ObjC";
				PRODUCT_NAME = "$(TARGET_NAME)";
				SKIP_INSTALL = YES;
			};
			name = Debug;
		};
		079CCBA01A8CEB780034A341 /* Release */ = {
			isa = XCBuildConfiguration;
			buildSettings = {
				CODE_SIGN_IDENTITY = "iPhone Developer";
				OTHER_LDFLAGS = "-ObjC";
				PRODUCT_NAME = "$(TARGET_NAME)";
				SKIP_INSTALL = YES;
			};
			name = Release;
		};
/* End XCBuildConfiguration section */

/* Begin XCConfigurationList section */
		079CCB851A8CEB780034A341 /* Build configuration list for PBXProject "RFQuiltLayoutStatic" */ = {
			isa = XCConfigurationList;
			buildConfigurations = (
				079CCB9C1A8CEB780034A341 /* Debug */,
				079CCB9D1A8CEB780034A341 /* Release */,
			);
			defaultConfigurationIsVisible = 0;
			defaultConfigurationName = Release;
		};
		079CCB9E1A8CEB780034A341 /* Build configuration list for PBXNativeTarget "RFQuiltLayoutStatic" */ = {
			isa = XCConfigurationList;
			buildConfigurations = (
				079CCB9F1A8CEB780034A341 /* Debug */,
				079CCBA01A8CEB780034A341 /* Release */,
			);
			defaultConfigurationIsVisible = 0;
		};
/* End XCConfigurationList section */
	};
	rootObject = 079CCB821A8CEB780034A341 /* Project object */;
}
